
Microsoft Visual Studio Solution File, Format Version 12.00
# Visual Studio Version 17
VisualStudioVersion = 17.0.31903.59
MinimumVisualStudioVersion = 10.0.40219.1
Project("{FAE04EC0-301F-11D3-BF4B-00C04F79EFBC}") = "AuthenticationServices", "AuthenticationServices\AuthenticationServices.csproj", "{0C7CFB9B-DD66-4ED7-8248-FCAC9F38D246}"
EndProject
Project("{FAE04EC0-301F-11D3-BF4B-00C04F79EFBC}") = "BlazorGame.Client", "BlazorGame.Client\BlazorGame.Client.csproj", "{115559F5-B380-46BC-A5E5-CEC52FD8CDAF}"
EndProject
Project("{FAE04EC0-301F-11D3-BF4B-00C04F79EFBC}") = "BlazorGame.Core", "BlazorGame.Core\BlazorGame.Core.csproj", "{502091D5-2E92-4FD8-854A-417A78AD894D}"
EndProject
Project("{FAE04EC0-301F-11D3-BF4B-00C04F79EFBC}") = "BlazorGame.GameService", "BlazorGame.GameService\BlazorGame.GameService.csproj", "{E7DA93B7-163C-4671-A207-D98CDA04E16E}"
EndProject
Project("{FAE04EC0-301F-11D3-BF4B-00C04F79EFBC}") = "SharedModels", "SharedModels\SharedModels.csproj", "{AA68BF18-02FF-4AA2-8D7D-0D19669D7B81}"
EndProject
Project("{2150E333-8FDC-42A3-9474-1A3956D46DE8}") = "BlazorGame.Tests", "BlazorGame.Tests", "{CFE9EFC8-83CA-0309-07C6-9D90C087459F}"
EndProject
Project("{FAE04EC0-301F-11D3-BF4B-00C04F79EFBC}") = "BlazorGame.Tests.API", "BlazorGame.Tests\BlazorGame.Tests.API\BlazorGame.Tests.API.csproj", "{6194DE5B-C415-4F77-9C6B-97DEC3222D36}"
EndProject
Project("{FAE04EC0-301F-11D3-BF4B-00C04F79EFBC}") = "BlazorGame.Tests.Client", "BlazorGame.Tests\BlazorGame.Tests.Client\BlazorGame.Tests.Client.csproj", "{50C85534-5045-441E-A10C-E1DFB4851552}"
EndProject
Project("{FAE04EC0-301F-11D3-BF4B-00C04F79EFBC}") = "BlazorGame.Tests.Core", "BlazorGame.Tests\BlazorGame.Tests.Core\BlazorGame.Tests.Core.csproj", "{66D69309-CFDD-4352-A1D7-BF98EC64C965}"
EndProject
Global
	GlobalSection(SolutionConfigurationPlatforms) = preSolution
		Debug|Any CPU = Debug|Any CPU
		Debug|x64 = Debug|x64
		Debug|x86 = Debug|x86
		Release|Any CPU = Release|Any CPU
		Release|x64 = Release|x64
		Release|x86 = Release|x86
	EndGlobalSection
	GlobalSection(ProjectConfigurationPlatforms) = postSolution
		{0C7CFB9B-DD66-4ED7-8248-FCAC9F38D246}.Debug|Any CPU.ActiveCfg = Debug|Any CPU
		{0C7CFB9B-DD66-4ED7-8248-FCAC9F38D246}.Debug|Any CPU.Build.0 = Debug|Any CPU
		{0C7CFB9B-DD66-4ED7-8248-FCAC9F38D246}.Debug|x64.ActiveCfg = Debug|Any CPU
		{0C7CFB9B-DD66-4ED7-8248-FCAC9F38D246}.Debug|x64.Build.0 = Debug|Any CPU
		{0C7CFB9B-DD66-4ED7-8248-FCAC9F38D246}.Debug|x86.ActiveCfg = Debug|Any CPU
		{0C7CFB9B-DD66-4ED7-8248-FCAC9F38D246}.Debug|x86.Build.0 = Debug|Any CPU
		{0C7CFB9B-DD66-4ED7-8248-FCAC9F38D246}.Release|Any CPU.ActiveCfg = Release|Any CPU
		{0C7CFB9B-DD66-4ED7-8248-FCAC9F38D246}.Release|Any CPU.Build.0 = Release|Any CPU
		{0C7CFB9B-DD66-4ED7-8248-FCAC9F38D246}.Release|x64.ActiveCfg = Release|Any CPU
		{0C7CFB9B-DD66-4ED7-8248-FCAC9F38D246}.Release|x64.Build.0 = Release|Any CPU
		{0C7CFB9B-DD66-4ED7-8248-FCAC9F38D246}.Release|x86.ActiveCfg = Release|Any CPU
		{0C7CFB9B-DD66-4ED7-8248-FCAC9F38D246}.Release|x86.Build.0 = Release|Any CPU
		{115559F5-B380-46BC-A5E5-CEC52FD8CDAF}.Debug|Any CPU.ActiveCfg = Debug|Any CPU
		{115559F5-B380-46BC-A5E5-CEC52FD8CDAF}.Debug|Any CPU.Build.0 = Debug|Any CPU
		{115559F5-B380-46BC-A5E5-CEC52FD8CDAF}.Debug|x64.ActiveCfg = Debug|Any CPU
		{115559F5-B380-46BC-A5E5-CEC52FD8CDAF}.Debug|x64.Build.0 = Debug|Any CPU
		{115559F5-B380-46BC-A5E5-CEC52FD8CDAF}.Debug|x86.ActiveCfg = Debug|Any CPU
		{115559F5-B380-46BC-A5E5-CEC52FD8CDAF}.Debug|x86.Build.0 = Debug|Any CPU
		{115559F5-B380-46BC-A5E5-CEC52FD8CDAF}.Release|Any CPU.ActiveCfg = Release|Any CPU
		{115559F5-B380-46BC-A5E5-CEC52FD8CDAF}.Release|Any CPU.Build.0 = Release|Any CPU
		{115559F5-B380-46BC-A5E5-CEC52FD8CDAF}.Release|x64.ActiveCfg = Release|Any CPU
		{115559F5-B380-46BC-A5E5-CEC52FD8CDAF}.Release|x64.Build.0 = Release|Any CPU
		{115559F5-B380-46BC-A5E5-CEC52FD8CDAF}.Release|x86.ActiveCfg = Release|Any CPU
		{115559F5-B380-46BC-A5E5-CEC52FD8CDAF}.Release|x86.Build.0 = Release|Any CPU
		{502091D5-2E92-4FD8-854A-417A78AD894D}.Debug|Any CPU.ActiveCfg = Debug|Any CPU
		{502091D5-2E92-4FD8-854A-417A78AD894D}.Debug|Any CPU.Build.0 = Debug|Any CPU
		{502091D5-2E92-4FD8-854A-417A78AD894D}.Debug|x64.ActiveCfg = Debug|Any CPU
		{502091D5-2E92-4FD8-854A-417A78AD894D}.Debug|x64.Build.0 = Debug|Any CPU
		{502091D5-2E92-4FD8-854A-417A78AD894D}.Debug|x86.ActiveCfg = Debug|Any CPU
		{502091D5-2E92-4FD8-854A-417A78AD894D}.Debug|x86.Build.0 = Debug|Any CPU
		{502091D5-2E92-4FD8-854A-417A78AD894D}.Release|Any CPU.ActiveCfg = Release|Any CPU
		{502091D5-2E92-4FD8-854A-417A78AD894D}.Release|Any CPU.Build.0 = Release|Any CPU
		{502091D5-2E92-4FD8-854A-417A78AD894D}.Release|x64.ActiveCfg = Release|Any CPU
		{502091D5-2E92-4FD8-854A-417A78AD894D}.Release|x64.Build.0 = Release|Any CPU
		{502091D5-2E92-4FD8-854A-417A78AD894D}.Release|x86.ActiveCfg = Release|Any CPU
		{502091D5-2E92-4FD8-854A-417A78AD894D}.Release|x86.Build.0 = Release|Any CPU
		{E7DA93B7-163C-4671-A207-D98CDA04E16E}.Debug|Any CPU.ActiveCfg = Debug|Any CPU
		{E7DA93B7-163C-4671-A207-D98CDA04E16E}.Debug|Any CPU.Build.0 = Debug|Any CPU
		{E7DA93B7-163C-4671-A207-D98CDA04E16E}.Debug|x64.ActiveCfg = Debug|Any CPU
		{E7DA93B7-163C-4671-A207-D98CDA04E16E}.Debug|x64.Build.0 = Debug|Any CPU
		{E7DA93B7-163C-4671-A207-D98CDA04E16E}.Debug|x86.ActiveCfg = Debug|Any CPU
		{E7DA93B7-163C-4671-A207-D98CDA04E16E}.Debug|x86.Build.0 = Debug|Any CPU
		{E7DA93B7-163C-4671-A207-D98CDA04E16E}.Release|Any CPU.ActiveCfg = Release|Any CPU
		{E7DA93B7-163C-4671-A207-D98CDA04E16E}.Release|Any CPU.Build.0 = Release|Any CPU
		{E7DA93B7-163C-4671-A207-D98CDA04E16E}.Release|x64.ActiveCfg = Release|Any CPU
		{E7DA93B7-163C-4671-A207-D98CDA04E16E}.Release|x64.Build.0 = Release|Any CPU
		{E7DA93B7-163C-4671-A207-D98CDA04E16E}.Release|x86.ActiveCfg = Release|Any CPU
		{E7DA93B7-163C-4671-A207-D98CDA04E16E}.Release|x86.Build.0 = Release|Any CPU
		{AA68BF18-02FF-4AA2-8D7D-0D19669D7B81}.Debug|Any CPU.ActiveCfg = Debug|Any CPU
		{AA68BF18-02FF-4AA2-8D7D-0D19669D7B81}.Debug|Any CPU.Build.0 = Debug|Any CPU
		{AA68BF18-02FF-4AA2-8D7D-0D19669D7B81}.Debug|x64.ActiveCfg = Debug|Any CPU
		{AA68BF18-02FF-4AA2-8D7D-0D19669D7B81}.Debug|x64.Build.0 = Debug|Any CPU
		{AA68BF18-02FF-4AA2-8D7D-0D19669D7B81}.Debug|x86.ActiveCfg = Debug|Any CPU
		{AA68BF18-02FF-4AA2-8D7D-0D19669D7B81}.Debug|x86.Build.0 = Debug|Any CPU
		{AA68BF18-02FF-4AA2-8D7D-0D19669D7B81}.Release|Any CPU.ActiveCfg = Release|Any CPU
		{AA68BF18-02FF-4AA2-8D7D-0D19669D7B81}.Release|Any CPU.Build.0 = Release|Any CPU
		{AA68BF18-02FF-4AA2-8D7D-0D19669D7B81}.Release|x64.ActiveCfg = Release|Any CPU
		{AA68BF18-02FF-4AA2-8D7D-0D19669D7B81}.Release|x64.Build.0 = Release|Any CPU
		{AA68BF18-02FF-4AA2-8D7D-0D19669D7B81}.Release|x86.ActiveCfg = Release|Any CPU
		{AA68BF18-02FF-4AA2-8D7D-0D19669D7B81}.Release|x86.Build.0 = Release|Any CPU
		{6194DE5B-C415-4F77-9C6B-97DEC3222D36}.Debug|Any CPU.ActiveCfg = Debug|Any CPU
		{6194DE5B-C415-4F77-9C6B-97DEC3222D36}.Debug|Any CPU.Build.0 = Debug|Any CPU
		{6194DE5B-C415-4F77-9C6B-97DEC3222D36}.Debug|x64.ActiveCfg = Debug|Any CPU
		{6194DE5B-C415-4F77-9C6B-97DEC3222D36}.Debug|x64.Build.0 = Debug|Any CPU
		{6194DE5B-C415-4F77-9C6B-97DEC3222D36}.Debug|x86.ActiveCfg = Debug|Any CPU
		{6194DE5B-C415-4F77-9C6B-97DEC3222D36}.Debug|x86.Build.0 = Debug|Any CPU
		{6194DE5B-C415-4F77-9C6B-97DEC3222D36}.Release|Any CPU.ActiveCfg = Release|Any CPU
		{6194DE5B-C415-4F77-9C6B-97DEC3222D36}.Release|Any CPU.Build.0 = Release|Any CPU
		{6194DE5B-C415-4F77-9C6B-97DEC3222D36}.Release|x64.ActiveCfg = Release|Any CPU
		{6194DE5B-C415-4F77-9C6B-97DEC3222D36}.Release|x64.Build.0 = Release|Any CPU
		{6194DE5B-C415-4F77-9C6B-97DEC3222D36}.Release|x86.ActiveCfg = Release|Any CPU
		{6194DE5B-C415-4F77-9C6B-97DEC3222D36}.Release|x86.Build.0 = Release|Any CPU
		{50C85534-5045-441E-A10C-E1DFB4851552}.Debug|Any CPU.ActiveCfg = Debug|Any CPU
		{50C85534-5045-441E-A10C-E1DFB4851552}.Debug|Any CPU.Build.0 = Debug|Any CPU
		{50C85534-5045-441E-A10C-E1DFB4851552}.Debug|x64.ActiveCfg = Debug|Any CPU
		{50C85534-5045-441E-A10C-E1DFB4851552}.Debug|x64.Build.0 = Debug|Any CPU
		{50C85534-5045-441E-A10C-E1DFB4851552}.Debug|x86.ActiveCfg = Debug|Any CPU
		{50C85534-5045-441E-A10C-E1DFB4851552}.Debug|x86.Build.0 = Debug|Any CPU
		{50C85534-5045-441E-A10C-E1DFB4851552}.Release|Any CPU.ActiveCfg = Release|Any CPU
		{50C85534-5045-441E-A10C-E1DFB4851552}.Release|Any CPU.Build.0 = Release|Any CPU
		{50C85534-5045-441E-A10C-E1DFB4851552}.Release|x64.ActiveCfg = Release|Any CPU
		{50C85534-5045-441E-A10C-E1DFB4851552}.Release|x64.Build.0 = Release|Any CPU
		{50C85534-5045-441E-A10C-E1DFB4851552}.Release|x86.ActiveCfg = Release|Any CPU
		{50C85534-5045-441E-A10C-E1DFB4851552}.Release|x86.Build.0 = Release|Any CPU
		{66D69309-CFDD-4352-A1D7-BF98EC64C965}.Debug|Any CPU.ActiveCfg = Debug|Any CPU
		{66D69309-CFDD-4352-A1D7-BF98EC64C965}.Debug|Any CPU.Build.0 = Debug|Any CPU
		{66D69309-CFDD-4352-A1D7-BF98EC64C965}.Debug|x64.ActiveCfg = Debug|Any CPU
		{66D69309-CFDD-4352-A1D7-BF98EC64C965}.Debug|x64.Build.0 = Debug|Any CPU
		{66D69309-CFDD-4352-A1D7-BF98EC64C965}.Debug|x86.ActiveCfg = Debug|Any CPU
		{66D69309-CFDD-4352-A1D7-BF98EC64C965}.Debug|x86.Build.0 = Debug|Any CPU
		{66D69309-CFDD-4352-A1D7-BF98EC64C965}.Release|Any CPU.ActiveCfg = Release|Any CPU
		{66D69309-CFDD-4352-A1D7-BF98EC64C965}.Release|Any CPU.Build.0 = Release|Any CPU
		{66D69309-CFDD-4352-A1D7-BF98EC64C965}.Release|x64.ActiveCfg = Release|Any CPU
		{66D69309-CFDD-4352-A1D7-BF98EC64C965}.Release|x64.Build.0 = Release|Any CPU
		{66D69309-CFDD-4352-A1D7-BF98EC64C965}.Release|x86.ActiveCfg = Release|Any CPU
		{66D69309-CFDD-4352-A1D7-BF98EC64C965}.Release|x86.Build.0 = Release|Any CPU
	EndGlobalSection
	GlobalSection(SolutionProperties) = preSolution
		HideSolutionNode = FALSE
	EndGlobalSection
	GlobalSection(NestedProjects) = preSolution
		{6194DE5B-C415-4F77-9C6B-97DEC3222D36} = {CFE9EFC8-83CA-0309-07C6-9D90C087459F}
		{50C85534-5045-441E-A10C-E1DFB4851552} = {CFE9EFC8-83CA-0309-07C6-9D90C087459F}
		{66D69309-CFDD-4352-A1D7-BF98EC64C965} = {CFE9EFC8-83CA-0309-07C6-9D90C087459F}
	EndGlobalSection
EndGlobal
