
Microsoft Visual Studio Solution File, Format Version 12.00
# Visual Studio Version 17
VisualStudioVersion = 17.0.31903.59
MinimumVisualStudioVersion = 10.0.40219.1
Project("{FAE04EC0-301F-11D3-BF4B-00C04F79EFBC}") = "AuthenticationServices", "AuthenticationServices\AuthenticationServices.csproj", "{E2FDE2B6-7274-4A09-80C4-C6245C05C08C}"
EndProject
Project("{FAE04EC0-301F-11D3-BF4B-00C04F79EFBC}") = "BlazorGame.Client", "BlazorGame.Client\BlazorGame.Client.csproj", "{43D50086-D92C-4AFE-8C12-95573B03B9BB}"
EndProject
Project("{FAE04EC0-301F-11D3-BF4B-00C04F79EFBC}") = "SharedModels", "SharedModels\SharedModels.csproj", "{517F8AD3-C4A6-4C7C-A4A8-6ECEFA017B7D}"
EndProject
Project("{FAE04EC0-301F-11D3-BF4B-00C04F79EFBC}") = "BlazorGame.Tests", "BlazorGame.Tests\BlazorGame.Tests.csproj", "{A4019DA5-2FC7-4CF8-A30D-5C9BE3F94C49}"
EndProject
Global
	GlobalSection(SolutionConfigurationPlatforms) = preSolution
		Debug|Any CPU = Debug|Any CPU
		Debug|x64 = Debug|x64
		Debug|x86 = Debug|x86
		Release|Any CPU = Release|Any CPU
		Release|x64 = Release|x64
		Release|x86 = Release|x86
	EndGlobalSection
	GlobalSection(ProjectConfigurationPlatforms) = postSolution
		{E2FDE2B6-7274-4A09-80C4-C6245C05C08C}.Debug|Any CPU.ActiveCfg = Debug|Any CPU
		{E2FDE2B6-7274-4A09-80C4-C6245C05C08C}.Debug|Any CPU.Build.0 = Debug|Any CPU
		{E2FDE2B6-7274-4A09-80C4-C6245C05C08C}.Debug|x64.ActiveCfg = Debug|Any CPU
		{E2FDE2B6-7274-4A09-80C4-C6245C05C08C}.Debug|x64.Build.0 = Debug|Any CPU
		{E2FDE2B6-7274-4A09-80C4-C6245C05C08C}.Debug|x86.ActiveCfg = Debug|Any CPU
		{E2FDE2B6-7274-4A09-80C4-C6245C05C08C}.Debug|x86.Build.0 = Debug|Any CPU
		{E2FDE2B6-7274-4A09-80C4-C6245C05C08C}.Release|Any CPU.ActiveCfg = Release|Any CPU
		{E2FDE2B6-7274-4A09-80C4-C6245C05C08C}.Release|Any CPU.Build.0 = Release|Any CPU
		{E2FDE2B6-7274-4A09-80C4-C6245C05C08C}.Release|x64.ActiveCfg = Release|Any CPU
		{E2FDE2B6-7274-4A09-80C4-C6245C05C08C}.Release|x64.Build.0 = Release|Any CPU
		{E2FDE2B6-7274-4A09-80C4-C6245C05C08C}.Release|x86.ActiveCfg = Release|Any CPU
		{E2FDE2B6-7274-4A09-80C4-C6245C05C08C}.Release|x86.Build.0 = Release|Any CPU
		{43D50086-D92C-4AFE-8C12-95573B03B9BB}.Debug|Any CPU.ActiveCfg = Debug|Any CPU
		{43D50086-D92C-4AFE-8C12-95573B03B9BB}.Debug|Any CPU.Build.0 = Debug|Any CPU
		{43D50086-D92C-4AFE-8C12-95573B03B9BB}.Debug|x64.ActiveCfg = Debug|Any CPU
		{43D50086-D92C-4AFE-8C12-95573B03B9BB}.Debug|x64.Build.0 = Debug|Any CPU
		{43D50086-D92C-4AFE-8C12-95573B03B9BB}.Debug|x86.ActiveCfg = Debug|Any CPU
		{43D50086-D92C-4AFE-8C12-95573B03B9BB}.Debug|x86.Build.0 = Debug|Any CPU
		{43D50086-D92C-4AFE-8C12-95573B03B9BB}.Release|Any CPU.ActiveCfg = Release|Any CPU
		{43D50086-D92C-4AFE-8C12-95573B03B9BB}.Release|Any CPU.Build.0 = Release|Any CPU
		{43D50086-D92C-4AFE-8C12-95573B03B9BB}.Release|x64.ActiveCfg = Release|Any CPU
		{43D50086-D92C-4AFE-8C12-95573B03B9BB}.Release|x64.Build.0 = Release|Any CPU
		{43D50086-D92C-4AFE-8C12-95573B03B9BB}.Release|x86.ActiveCfg = Release|Any CPU
		{43D50086-D92C-4AFE-8C12-95573B03B9BB}.Release|x86.Build.0 = Release|Any CPU
		{517F8AD3-C4A6-4C7C-A4A8-6ECEFA017B7D}.Debug|Any CPU.ActiveCfg = Debug|Any CPU
		{517F8AD3-C4A6-4C7C-A4A8-6ECEFA017B7D}.Debug|Any CPU.Build.0 = Debug|Any CPU
		{517F8AD3-C4A6-4C7C-A4A8-6ECEFA017B7D}.Debug|x64.ActiveCfg = Debug|Any CPU
		{517F8AD3-C4A6-4C7C-A4A8-6ECEFA017B7D}.Debug|x64.Build.0 = Debug|Any CPU
		{517F8AD3-C4A6-4C7C-A4A8-6ECEFA017B7D}.Debug|x86.ActiveCfg = Debug|Any CPU
		{517F8AD3-C4A6-4C7C-A4A8-6ECEFA017B7D}.Debug|x86.Build.0 = Debug|Any CPU
		{517F8AD3-C4A6-4C7C-A4A8-6ECEFA017B7D}.Release|Any CPU.ActiveCfg = Release|Any CPU
		{517F8AD3-C4A6-4C7C-A4A8-6ECEFA017B7D}.Release|Any CPU.Build.0 = Release|Any CPU
		{517F8AD3-C4A6-4C7C-A4A8-6ECEFA017B7D}.Release|x64.ActiveCfg = Release|Any CPU
		{517F8AD3-C4A6-4C7C-A4A8-6ECEFA017B7D}.Release|x64.Build.0 = Release|Any CPU
		{517F8AD3-C4A6-4C7C-A4A8-6ECEFA017B7D}.Release|x86.ActiveCfg = Release|Any CPU
		{517F8AD3-C4A6-4C7C-A4A8-6ECEFA017B7D}.Release|x86.Build.0 = Release|Any CPU
		{A4019DA5-2FC7-4CF8-A30D-5C9BE3F94C49}.Debug|Any CPU.ActiveCfg = Debug|Any CPU
		{A4019DA5-2FC7-4CF8-A30D-5C9BE3F94C49}.Debug|Any CPU.Build.0 = Debug|Any CPU
		{A4019DA5-2FC7-4CF8-A30D-5C9BE3F94C49}.Debug|x64.ActiveCfg = Debug|Any CPU
		{A4019DA5-2FC7-4CF8-A30D-5C9BE3F94C49}.Debug|x64.Build.0 = Debug|Any CPU
		{A4019DA5-2FC7-4CF8-A30D-5C9BE3F94C49}.Debug|x86.ActiveCfg = Debug|Any CPU
		{A4019DA5-2FC7-4CF8-A30D-5C9BE3F94C49}.Debug|x86.Build.0 = Debug|Any CPU
		{A4019DA5-2FC7-4CF8-A30D-5C9BE3F94C49}.Release|Any CPU.ActiveCfg = Release|Any CPU
		{A4019DA5-2FC7-4CF8-A30D-5C9BE3F94C49}.Release|Any CPU.Build.0 = Release|Any CPU
		{A4019DA5-2FC7-4CF8-A30D-5C9BE3F94C49}.Release|x64.ActiveCfg = Release|Any CPU
		{A4019DA5-2FC7-4CF8-A30D-5C9BE3F94C49}.Release|x64.Build.0 = Release|Any CPU
		{A4019DA5-2FC7-4CF8-A30D-5C9BE3F94C49}.Release|x86.ActiveCfg = Release|Any CPU
		{A4019DA5-2FC7-4CF8-A30D-5C9BE3F94C49}.Release|x86.Build.0 = Release|Any CPU
	EndGlobalSection
	GlobalSection(SolutionProperties) = preSolution
		HideSolutionNode = FALSE
	EndGlobalSection
EndGlobal
